// !$*UTF8*$!
{
	archiveVersion = 1;
	classes = {
	};
	objectVersion = 46;
	objects = {

/* Begin PBXBuildFile section */
		1295D7031C6327B200B39FC6 /* CKHTTPManager.m in Sources */ = {isa = PBXBuildFile; fileRef = 1295D7021C6327B200B39FC6 /* CKHTTPManager.m */; };
		1295D7061C6327FA00B39FC6 /* CKHTTPRequest.m in Sources */ = {isa = PBXBuildFile; fileRef = 1295D7051C6327FA00B39FC6 /* CKHTTPRequest.m */; };
		1295D70B1C633B9800B39FC6 /* AppDelegate.m in Sources */ = {isa = PBXBuildFile; fileRef = 1295D70A1C633B9800B39FC6 /* AppDelegate.m */; };
		1295D70F1C633BCA00B39FC6 /* BaseViewController.m in Sources */ = {isa = PBXBuildFile; fileRef = 1295D70E1C633BCA00B39FC6 /* BaseViewController.m */; };
		1295D7511C7185AB00B39FC6 /* MComunitySocialCell.m in Sources */ = {isa = PBXBuildFile; fileRef = 1295D74F1C7185AB00B39FC6 /* MComunitySocialCell.m */; };
		1295D7521C7185AB00B39FC6 /* MComunitySocialCell.xib in Resources */ = {isa = PBXBuildFile; fileRef = 1295D7501C7185AB00B39FC6 /* MComunitySocialCell.xib */; };
		1295D7551C7185D300B39FC6 /* MComunitySocialModel.m in Sources */ = {isa = PBXBuildFile; fileRef = 1295D7541C7185D300B39FC6 /* MComunitySocialModel.m */; };
		1295D75D1C71CBA500B39FC6 /* LLCommonMethods.m in Sources */ = {isa = PBXBuildFile; fileRef = 1295D75C1C71CBA400B39FC6 /* LLCommonMethods.m */; };
		17CC6E3680BE7B75CD6C2E9E /* libPods.a in Frameworks */ = {isa = PBXBuildFile; fileRef = 25632F0F19097166CC4442E6 /* libPods.a */; };
		1CA3528F1C7344AC0080A371 /* EventsCollectionViewController.m in Sources */ = {isa = PBXBuildFile; fileRef = 1CA3528E1C7344AC0080A371 /* EventsCollectionViewController.m */; };
		1CA352941C757C5F0080A371 /* issueTemplate1Cell.m in Sources */ = {isa = PBXBuildFile; fileRef = 1CA352931C757C5F0080A371 /* issueTemplate1Cell.m */; };
		1CA352971C757C720080A371 /* issueTemplate2Cell.m in Sources */ = {isa = PBXBuildFile; fileRef = 1CA352961C757C720080A371 /* issueTemplate2Cell.m */; };
		1CA3529A1C757C860080A371 /* issueTemplate4Cell.m in Sources */ = {isa = PBXBuildFile; fileRef = 1CA352991C757C860080A371 /* issueTemplate4Cell.m */; };
		1CA3529D1C757C980080A371 /* issueTemplate5Cell.m in Sources */ = {isa = PBXBuildFile; fileRef = 1CA3529C1C757C980080A371 /* issueTemplate5Cell.m */; };
		1CA352A41C7726480080A371 /* PopViewController.m in Sources */ = {isa = PBXBuildFile; fileRef = 1CA352A31C7726480080A371 /* PopViewController.m */; };
		1CB158B01C5F306C0099C2AB /* main.m in Sources */ = {isa = PBXBuildFile; fileRef = 1CB158AF1C5F306C0099C2AB /* main.m */; };
		1CB158B91C5F306C0099C2AB /* Main.storyboard in Resources */ = {isa = PBXBuildFile; fileRef = 1CB158B71C5F306C0099C2AB /* Main.storyboard */; };
		1CB158BB1C5F306C0099C2AB /* Assets.xcassets in Resources */ = {isa = PBXBuildFile; fileRef = 1CB158BA1C5F306C0099C2AB /* Assets.xcassets */; };
		1CB158BE1C5F306C0099C2AB /* LaunchScreen.storyboard in Resources */ = {isa = PBXBuildFile; fileRef = 1CB158BC1C5F306C0099C2AB /* LaunchScreen.storyboard */; };
		1CB158C91C5F306C0099C2AB /* CookingTests.m in Sources */ = {isa = PBXBuildFile; fileRef = 1CB158C81C5F306C0099C2AB /* CookingTests.m */; };
		1CB158D41C5F306C0099C2AB /* CookingUITests.m in Sources */ = {isa = PBXBuildFile; fileRef = 1CB158D31C5F306C0099C2AB /* CookingUITests.m */; };
		1CB159111C5F679B0099C2AB /* detaillocation.plist in Resources */ = {isa = PBXBuildFile; fileRef = 1CB159101C5F679B0099C2AB /* detaillocation.plist */; };
		1CB159141C5F6EC20099C2AB /* McookingController.m in Sources */ = {isa = PBXBuildFile; fileRef = 1CB159131C5F6EC20099C2AB /* McookingController.m */; };
		1CB159171C5F6EDE0099C2AB /* MarketViewController.m in Sources */ = {isa = PBXBuildFile; fileRef = 1CB159161C5F6EDE0099C2AB /* MarketViewController.m */; };
		1CB1591A1C5F6F110099C2AB /* MComunityController.m in Sources */ = {isa = PBXBuildFile; fileRef = 1CB159191C5F6F110099C2AB /* MComunityController.m */; };
		1CB1591D1C5F6F370099C2AB /* MineViewController.m in Sources */ = {isa = PBXBuildFile; fileRef = 1CB1591C1C5F6F370099C2AB /* MineViewController.m */; };
		1CB1592B1C6CBF180099C2AB /* MCookModel.m in Sources */ = {isa = PBXBuildFile; fileRef = 1CB1592A1C6CBF180099C2AB /* MCookModel.m */; };
		1CB159321C6DE7D60099C2AB /* MCookHeadView.m in Sources */ = {isa = PBXBuildFile; fileRef = 1CB159311C6DE7D60099C2AB /* MCookHeadView.m */; };
		1CB1593E1C71C8E60099C2AB /* NavCollectionViewCell.m in Sources */ = {isa = PBXBuildFile; fileRef = 1CB1593D1C71C8E60099C2AB /* NavCollectionViewCell.m */; };
		1CB159421C72C0270099C2AB /* EventsCollectionViewCell.m in Sources */ = {isa = PBXBuildFile; fileRef = 1CB159401C72C0270099C2AB /* EventsCollectionViewCell.m */; };
		1CB159431C72C0270099C2AB /* EventsCollectionViewCell.xib in Resources */ = {isa = PBXBuildFile; fileRef = 1CB159411C72C0270099C2AB /* EventsCollectionViewCell.xib */; };
		1CB159461C7324490099C2AB /* RecieveRedBagController.m in Sources */ = {isa = PBXBuildFile; fileRef = 1CB159451C7324490099C2AB /* RecieveRedBagController.m */; };
/* End PBXBuildFile section */

/* Begin PBXContainerItemProxy section */
		1CB158C51C5F306C0099C2AB /* PBXContainerItemProxy */ = {
			isa = PBXContainerItemProxy;
			containerPortal = 1CB158A31C5F306C0099C2AB /* Project object */;
			proxyType = 1;
			remoteGlobalIDString = 1CB158AA1C5F306C0099C2AB;
			remoteInfo = Cooking;
		};
		1CB158D01C5F306C0099C2AB /* PBXContainerItemProxy */ = {
			isa = PBXContainerItemProxy;
			containerPortal = 1CB158A31C5F306C0099C2AB /* Project object */;
			proxyType = 1;
			remoteGlobalIDString = 1CB158AA1C5F306C0099C2AB;
			remoteInfo = Cooking;
		};
/* End PBXContainerItemProxy section */

/* Begin PBXFileReference section */
		1295D7011C6327B200B39FC6 /* CKHTTPManager.h */ = {isa = PBXFileReference; fileEncoding = 4; lastKnownFileType = sourcecode.c.h; path = CKHTTPManager.h; sourceTree = "<group>"; };
		1295D7021C6327B200B39FC6 /* CKHTTPManager.m */ = {isa = PBXFileReference; fileEncoding = 4; lastKnownFileType = sourcecode.c.objc; path = CKHTTPManager.m; sourceTree = "<group>"; };
		1295D7041C6327FA00B39FC6 /* CKHTTPRequest.h */ = {isa = PBXFileReference; fileEncoding = 4; lastKnownFileType = sourcecode.c.h; path = CKHTTPRequest.h; sourceTree = "<group>"; };
		1295D7051C6327FA00B39FC6 /* CKHTTPRequest.m */ = {isa = PBXFileReference; fileEncoding = 4; lastKnownFileType = sourcecode.c.objc; path = CKHTTPRequest.m; sourceTree = "<group>"; };
		1295D7071C633AF900B39FC6 /* PrefixHeader.pch */ = {isa = PBXFileReference; lastKnownFileType = sourcecode.c.h; path = PrefixHeader.pch; sourceTree = "<group>"; };
		1295D7091C633B9800B39FC6 /* AppDelegate.h */ = {isa = PBXFileReference; fileEncoding = 4; lastKnownFileType = sourcecode.c.h; path = AppDelegate.h; sourceTree = "<group>"; };
		1295D70A1C633B9800B39FC6 /* AppDelegate.m */ = {isa = PBXFileReference; fileEncoding = 4; lastKnownFileType = sourcecode.c.objc; path = AppDelegate.m; sourceTree = "<group>"; };
		1295D70D1C633BCA00B39FC6 /* BaseViewController.h */ = {isa = PBXFileReference; fileEncoding = 4; lastKnownFileType = sourcecode.c.h; path = BaseViewController.h; sourceTree = "<group>"; };
		1295D70E1C633BCA00B39FC6 /* BaseViewController.m */ = {isa = PBXFileReference; fileEncoding = 4; lastKnownFileType = sourcecode.c.objc; path = BaseViewController.m; sourceTree = "<group>"; };
		1295D74E1C7185AB00B39FC6 /* MComunitySocialCell.h */ = {isa = PBXFileReference; fileEncoding = 4; lastKnownFileType = sourcecode.c.h; path = MComunitySocialCell.h; sourceTree = "<group>"; };
		1295D74F1C7185AB00B39FC6 /* MComunitySocialCell.m */ = {isa = PBXFileReference; fileEncoding = 4; lastKnownFileType = sourcecode.c.objc; path = MComunitySocialCell.m; sourceTree = "<group>"; };
		1295D7501C7185AB00B39FC6 /* MComunitySocialCell.xib */ = {isa = PBXFileReference; fileEncoding = 4; lastKnownFileType = file.xib; path = MComunitySocialCell.xib; sourceTree = "<group>"; };
		1295D7531C7185D300B39FC6 /* MComunitySocialModel.h */ = {isa = PBXFileReference; fileEncoding = 4; lastKnownFileType = sourcecode.c.h; path = MComunitySocialModel.h; sourceTree = "<group>"; };
		1295D7541C7185D300B39FC6 /* MComunitySocialModel.m */ = {isa = PBXFileReference; fileEncoding = 4; lastKnownFileType = sourcecode.c.objc; path = MComunitySocialModel.m; sourceTree = "<group>"; };
		1295D75B1C71CBA400B39FC6 /* LLCommonMethods.h */ = {isa = PBXFileReference; fileEncoding = 4; lastKnownFileType = sourcecode.c.h; path = LLCommonMethods.h; sourceTree = "<group>"; };
		1295D75C1C71CBA400B39FC6 /* LLCommonMethods.m */ = {isa = PBXFileReference; fileEncoding = 4; lastKnownFileType = sourcecode.c.objc; path = LLCommonMethods.m; sourceTree = "<group>"; };
		1CA3528D1C7344AC0080A371 /* EventsCollectionViewController.h */ = {isa = PBXFileReference; fileEncoding = 4; lastKnownFileType = sourcecode.c.h; path = EventsCollectionViewController.h; sourceTree = "<group>"; };
		1CA3528E1C7344AC0080A371 /* EventsCollectionViewController.m */ = {isa = PBXFileReference; fileEncoding = 4; lastKnownFileType = sourcecode.c.objc; path = EventsCollectionViewController.m; sourceTree = "<group>"; };
		1CA352921C757C5F0080A371 /* issueTemplate1Cell.h */ = {isa = PBXFileReference; fileEncoding = 4; lastKnownFileType = sourcecode.c.h; path = issueTemplate1Cell.h; sourceTree = "<group>"; };
		1CA352931C757C5F0080A371 /* issueTemplate1Cell.m */ = {isa = PBXFileReference; fileEncoding = 4; lastKnownFileType = sourcecode.c.objc; path = issueTemplate1Cell.m; sourceTree = "<group>"; };
		1CA352951C757C720080A371 /* issueTemplate2Cell.h */ = {isa = PBXFileReference; fileEncoding = 4; lastKnownFileType = sourcecode.c.h; path = issueTemplate2Cell.h; sourceTree = "<group>"; };
		1CA352961C757C720080A371 /* issueTemplate2Cell.m */ = {isa = PBXFileReference; fileEncoding = 4; lastKnownFileType = sourcecode.c.objc; path = issueTemplate2Cell.m; sourceTree = "<group>"; };
		1CA352981C757C860080A371 /* issueTemplate4Cell.h */ = {isa = PBXFileReference; fileEncoding = 4; lastKnownFileType = sourcecode.c.h; path = issueTemplate4Cell.h; sourceTree = "<group>"; };
		1CA352991C757C860080A371 /* issueTemplate4Cell.m */ = {isa = PBXFileReference; fileEncoding = 4; lastKnownFileType = sourcecode.c.objc; path = issueTemplate4Cell.m; sourceTree = "<group>"; };
		1CA3529B1C757C980080A371 /* issueTemplate5Cell.h */ = {isa = PBXFileReference; fileEncoding = 4; lastKnownFileType = sourcecode.c.h; path = issueTemplate5Cell.h; sourceTree = "<group>"; };
		1CA3529C1C757C980080A371 /* issueTemplate5Cell.m */ = {isa = PBXFileReference; fileEncoding = 4; lastKnownFileType = sourcecode.c.objc; path = issueTemplate5Cell.m; sourceTree = "<group>"; };
		1CA352A21C7726480080A371 /* PopViewController.h */ = {isa = PBXFileReference; fileEncoding = 4; lastKnownFileType = sourcecode.c.h; path = PopViewController.h; sourceTree = "<group>"; };
		1CA352A31C7726480080A371 /* PopViewController.m */ = {isa = PBXFileReference; fileEncoding = 4; lastKnownFileType = sourcecode.c.objc; path = PopViewController.m; sourceTree = "<group>"; };
		1CB158AB1C5F306C0099C2AB /* Cooking.app */ = {isa = PBXFileReference; explicitFileType = wrapper.application; includeInIndex = 0; path = Cooking.app; sourceTree = BUILT_PRODUCTS_DIR; };
		1CB158AF1C5F306C0099C2AB /* main.m */ = {isa = PBXFileReference; lastKnownFileType = sourcecode.c.objc; path = main.m; sourceTree = "<group>"; };
		1CB158B81C5F306C0099C2AB /* Base */ = {isa = PBXFileReference; lastKnownFileType = file.storyboard; name = Base; path = Base.lproj/Main.storyboard; sourceTree = "<group>"; };
		1CB158BA1C5F306C0099C2AB /* Assets.xcassets */ = {isa = PBXFileReference; lastKnownFileType = folder.assetcatalog; path = Assets.xcassets; sourceTree = "<group>"; };
		1CB158BD1C5F306C0099C2AB /* Base */ = {isa = PBXFileReference; lastKnownFileType = file.storyboard; name = Base; path = Base.lproj/LaunchScreen.storyboard; sourceTree = "<group>"; };
		1CB158BF1C5F306C0099C2AB /* Info.plist */ = {isa = PBXFileReference; lastKnownFileType = text.plist.xml; path = Info.plist; sourceTree = "<group>"; };
		1CB158C41C5F306C0099C2AB /* CookingTests.xctest */ = {isa = PBXFileReference; explicitFileType = wrapper.cfbundle; includeInIndex = 0; path = CookingTests.xctest; sourceTree = BUILT_PRODUCTS_DIR; };
		1CB158C81C5F306C0099C2AB /* CookingTests.m */ = {isa = PBXFileReference; lastKnownFileType = sourcecode.c.objc; path = CookingTests.m; sourceTree = "<group>"; };
		1CB158CA1C5F306C0099C2AB /* Info.plist */ = {isa = PBXFileReference; lastKnownFileType = text.plist.xml; path = Info.plist; sourceTree = "<group>"; };
		1CB158CF1C5F306C0099C2AB /* CookingUITests.xctest */ = {isa = PBXFileReference; explicitFileType = wrapper.cfbundle; includeInIndex = 0; path = CookingUITests.xctest; sourceTree = BUILT_PRODUCTS_DIR; };
		1CB158D31C5F306C0099C2AB /* CookingUITests.m */ = {isa = PBXFileReference; lastKnownFileType = sourcecode.c.objc; path = CookingUITests.m; sourceTree = "<group>"; };
		1CB158D51C5F306C0099C2AB /* Info.plist */ = {isa = PBXFileReference; lastKnownFileType = text.plist.xml; path = Info.plist; sourceTree = "<group>"; };
		1CB159101C5F679B0099C2AB /* detaillocation.plist */ = {isa = PBXFileReference; lastKnownFileType = file.bplist; path = detaillocation.plist; sourceTree = "<group>"; };
		1CB159121C5F6EC20099C2AB /* McookingController.h */ = {isa = PBXFileReference; fileEncoding = 4; lastKnownFileType = sourcecode.c.h; path = McookingController.h; sourceTree = "<group>"; };
		1CB159131C5F6EC20099C2AB /* McookingController.m */ = {isa = PBXFileReference; fileEncoding = 4; lastKnownFileType = sourcecode.c.objc; path = McookingController.m; sourceTree = "<group>"; };
		1CB159151C5F6EDE0099C2AB /* MarketViewController.h */ = {isa = PBXFileReference; fileEncoding = 4; lastKnownFileType = sourcecode.c.h; path = MarketViewController.h; sourceTree = "<group>"; };
		1CB159161C5F6EDE0099C2AB /* MarketViewController.m */ = {isa = PBXFileReference; fileEncoding = 4; lastKnownFileType = sourcecode.c.objc; path = MarketViewController.m; sourceTree = "<group>"; };
		1CB159181C5F6F110099C2AB /* MComunityController.h */ = {isa = PBXFileReference; fileEncoding = 4; lastKnownFileType = sourcecode.c.h; path = MComunityController.h; sourceTree = "<group>"; };
		1CB159191C5F6F110099C2AB /* MComunityController.m */ = {isa = PBXFileReference; fileEncoding = 4; lastKnownFileType = sourcecode.c.objc; path = MComunityController.m; sourceTree = "<group>"; };
		1CB1591B1C5F6F370099C2AB /* MineViewController.h */ = {isa = PBXFileReference; fileEncoding = 4; lastKnownFileType = sourcecode.c.h; path = MineViewController.h; sourceTree = "<group>"; };
		1CB1591C1C5F6F370099C2AB /* MineViewController.m */ = {isa = PBXFileReference; fileEncoding = 4; lastKnownFileType = sourcecode.c.objc; path = MineViewController.m; sourceTree = "<group>"; };
		1CB159291C6CBF180099C2AB /* MCookModel.h */ = {isa = PBXFileReference; fileEncoding = 4; lastKnownFileType = sourcecode.c.h; path = MCookModel.h; sourceTree = "<group>"; };
		1CB1592A1C6CBF180099C2AB /* MCookModel.m */ = {isa = PBXFileReference; fileEncoding = 4; lastKnownFileType = sourcecode.c.objc; path = MCookModel.m; sourceTree = "<group>"; };
		1CB159301C6DE7D60099C2AB /* MCookHeadView.h */ = {isa = PBXFileReference; fileEncoding = 4; lastKnownFileType = sourcecode.c.h; path = MCookHeadView.h; sourceTree = "<group>"; };
		1CB159311C6DE7D60099C2AB /* MCookHeadView.m */ = {isa = PBXFileReference; fileEncoding = 4; lastKnownFileType = sourcecode.c.objc; path = MCookHeadView.m; sourceTree = "<group>"; };
		1CB1593C1C71C8E60099C2AB /* NavCollectionViewCell.h */ = {isa = PBXFileReference; fileEncoding = 4; lastKnownFileType = sourcecode.c.h; path = NavCollectionViewCell.h; sourceTree = "<group>"; };
		1CB1593D1C71C8E60099C2AB /* NavCollectionViewCell.m */ = {isa = PBXFileReference; fileEncoding = 4; lastKnownFileType = sourcecode.c.objc; path = NavCollectionViewCell.m; sourceTree = "<group>"; };
		1CB1593F1C72C0270099C2AB /* EventsCollectionViewCell.h */ = {isa = PBXFileReference; fileEncoding = 4; lastKnownFileType = sourcecode.c.h; path = EventsCollectionViewCell.h; sourceTree = "<group>"; };
		1CB159401C72C0270099C2AB /* EventsCollectionViewCell.m */ = {isa = PBXFileReference; fileEncoding = 4; lastKnownFileType = sourcecode.c.objc; path = EventsCollectionViewCell.m; sourceTree = "<group>"; };
		1CB159411C72C0270099C2AB /* EventsCollectionViewCell.xib */ = {isa = PBXFileReference; fileEncoding = 4; lastKnownFileType = file.xib; path = EventsCollectionViewCell.xib; sourceTree = "<group>"; };
		1CB159441C7324490099C2AB /* RecieveRedBagController.h */ = {isa = PBXFileReference; fileEncoding = 4; lastKnownFileType = sourcecode.c.h; path = RecieveRedBagController.h; sourceTree = "<group>"; };
		1CB159451C7324490099C2AB /* RecieveRedBagController.m */ = {isa = PBXFileReference; fileEncoding = 4; lastKnownFileType = sourcecode.c.objc; path = RecieveRedBagController.m; sourceTree = "<group>"; };
		25632F0F19097166CC4442E6 /* libPods.a */ = {isa = PBXFileReference; explicitFileType = archive.ar; includeInIndex = 0; path = libPods.a; sourceTree = BUILT_PRODUCTS_DIR; };
		2A8A24E5DA8B00C1BAFD03F4 /* Pods.debug.xcconfig */ = {isa = PBXFileReference; includeInIndex = 1; lastKnownFileType = text.xcconfig; name = Pods.debug.xcconfig; path = "Pods/Target Support Files/Pods/Pods.debug.xcconfig"; sourceTree = "<group>"; };
		CA70C862288D20945D300F8F /* Pods.release.xcconfig */ = {isa = PBXFileReference; includeInIndex = 1; lastKnownFileType = text.xcconfig; name = Pods.release.xcconfig; path = "Pods/Target Support Files/Pods/Pods.release.xcconfig"; sourceTree = "<group>"; };
/* End PBXFileReference section */

/* Begin PBXFrameworksBuildPhase section */
		1CB158A81C5F306C0099C2AB /* Frameworks */ = {
			isa = PBXFrameworksBuildPhase;
			buildActionMask = 2147483647;
			files = (
				17CC6E3680BE7B75CD6C2E9E /* libPods.a in Frameworks */,
			);
			runOnlyForDeploymentPostprocessing = 0;
		};
		1CB158C11C5F306C0099C2AB /* Frameworks */ = {
			isa = PBXFrameworksBuildPhase;
			buildActionMask = 2147483647;
			files = (
			);
			runOnlyForDeploymentPostprocessing = 0;
		};
		1CB158CC1C5F306C0099C2AB /* Frameworks */ = {
			isa = PBXFrameworksBuildPhase;
			buildActionMask = 2147483647;
			files = (
			);
			runOnlyForDeploymentPostprocessing = 0;
		};
/* End PBXFrameworksBuildPhase section */

/* Begin PBXGroup section */
		1295D7001C6304BF00B39FC6 /* HTTP */ = {
			isa = PBXGroup;
			children = (
				1295D7011C6327B200B39FC6 /* CKHTTPManager.h */,
				1295D7021C6327B200B39FC6 /* CKHTTPManager.m */,
				1295D7041C6327FA00B39FC6 /* CKHTTPRequest.h */,
				1295D7051C6327FA00B39FC6 /* CKHTTPRequest.m */,
			);
			path = HTTP;
			sourceTree = "<group>";
		};
		1295D7081C633B9800B39FC6 /* AppDelegate */ = {
			isa = PBXGroup;
			children = (
				1295D7091C633B9800B39FC6 /* AppDelegate.h */,
				1295D70A1C633B9800B39FC6 /* AppDelegate.m */,
			);
			path = AppDelegate;
			sourceTree = "<group>";
		};
		1295D70C1C633BCA00B39FC6 /* BaseController */ = {
			isa = PBXGroup;
			children = (
				1295D70D1C633BCA00B39FC6 /* BaseViewController.h */,
				1295D70E1C633BCA00B39FC6 /* BaseViewController.m */,
			);
			path = BaseController;
			sourceTree = "<group>";
		};
		1295D7231C716EEF00B39FC6 /* View */ = {
			isa = PBXGroup;
			children = (
			);
			path = View;
			sourceTree = "<group>";
		};
		1295D7291C716F1700B39FC6 /* Model */ = {
			isa = PBXGroup;
			children = (
			);
			path = Model;
			sourceTree = "<group>";
		};
		1295D74D1C7185AB00B39FC6 /* View */ = {
			isa = PBXGroup;
			children = (
				1295D74E1C7185AB00B39FC6 /* MComunitySocialCell.h */,
				1295D74F1C7185AB00B39FC6 /* MComunitySocialCell.m */,
				1295D7501C7185AB00B39FC6 /* MComunitySocialCell.xib */,
			);
			path = View;
			sourceTree = "<group>";
		};
		1CA352901C757BB60080A371 /* issuesCell */ = {
			isa = PBXGroup;
			children = (
				1CA352921C757C5F0080A371 /* issueTemplate1Cell.h */,
				1CA352931C757C5F0080A371 /* issueTemplate1Cell.m */,
				1CA352951C757C720080A371 /* issueTemplate2Cell.h */,
				1CA352961C757C720080A371 /* issueTemplate2Cell.m */,
				1CA352981C757C860080A371 /* issueTemplate4Cell.h */,
				1CA352991C757C860080A371 /* issueTemplate4Cell.m */,
				1CA3529B1C757C980080A371 /* issueTemplate5Cell.h */,
				1CA3529C1C757C980080A371 /* issueTemplate5Cell.m */,
			);
			name = issuesCell;
			sourceTree = "<group>";
		};
		1CA352911C757BD60080A371 /* Head */ = {
			isa = PBXGroup;
			children = (
				1CB159301C6DE7D60099C2AB /* MCookHeadView.h */,
				1CB159311C6DE7D60099C2AB /* MCookHeadView.m */,
				1CB1593C1C71C8E60099C2AB /* NavCollectionViewCell.h */,
				1CB1593D1C71C8E60099C2AB /* NavCollectionViewCell.m */,
				1CB1593F1C72C0270099C2AB /* EventsCollectionViewCell.h */,
				1CB159401C72C0270099C2AB /* EventsCollectionViewCell.m */,
				1CB159411C72C0270099C2AB /* EventsCollectionViewCell.xib */,
			);
			name = Head;
			sourceTree = "<group>";
		};
		1CA352A51C7726530080A371 /* pop */ = {
			isa = PBXGroup;
			children = (
				1CA352A21C7726480080A371 /* PopViewController.h */,
				1CA352A31C7726480080A371 /* PopViewController.m */,
			);
			name = pop;
			sourceTree = "<group>";
		};
		1CB158A21C5F306C0099C2AB = {
			isa = PBXGroup;
			children = (
				1CB158AD1C5F306C0099C2AB /* Cooking */,
				1CB158C71C5F306C0099C2AB /* CookingTests */,
				1CB158D21C5F306C0099C2AB /* CookingUITests */,
				1CB158AC1C5F306C0099C2AB /* Products */,
				5D0D4D9D9F2CC3B2762D2C0E /* Pods */,
				B9413FBB5EDFC836054EDA44 /* Frameworks */,
			);
			sourceTree = "<group>";
		};
		1CB158AC1C5F306C0099C2AB /* Products */ = {
			isa = PBXGroup;
			children = (
				1CB158AB1C5F306C0099C2AB /* Cooking.app */,
				1CB158C41C5F306C0099C2AB /* CookingTests.xctest */,
				1CB158CF1C5F306C0099C2AB /* CookingUITests.xctest */,
			);
			name = Products;
			sourceTree = "<group>";
		};
		1CB158AD1C5F306C0099C2AB /* Cooking */ = {
			isa = PBXGroup;
			children = (
				1295D7081C633B9800B39FC6 /* AppDelegate */,
				1295D70C1C633BCA00B39FC6 /* BaseController */,
				1295D7001C6304BF00B39FC6 /* HTTP */,
				1CB158FD1C5F60DD0099C2AB /* MCooking */,
				1CB158F51C5F60DD0099C2AB /* Market */,
				1CB158F91C5F60DD0099C2AB /* MCommunity */,
				1CB159031C5F60DD0099C2AB /* Mine */,
				1CB158AE1C5F306C0099C2AB /* Supporting Files */,
				1CB1590F1C5F61F60099C2AB /* Other */,
			);
			path = Cooking;
			sourceTree = "<group>";
		};
		1CB158AE1C5F306C0099C2AB /* Supporting Files */ = {
			isa = PBXGroup;
			children = (
				1CB158BA1C5F306C0099C2AB /* Assets.xcassets */,
				1CB158BC1C5F306C0099C2AB /* LaunchScreen.storyboard */,
				1CB158BF1C5F306C0099C2AB /* Info.plist */,
				1CB158AF1C5F306C0099C2AB /* main.m */,
				1CB159101C5F679B0099C2AB /* detaillocation.plist */,
			);
			name = "Supporting Files";
			sourceTree = "<group>";
		};
		1CB158C71C5F306C0099C2AB /* CookingTests */ = {
			isa = PBXGroup;
			children = (
				1CB158C81C5F306C0099C2AB /* CookingTests.m */,
				1CB158CA1C5F306C0099C2AB /* Info.plist */,
			);
			path = CookingTests;
			sourceTree = "<group>";
		};
		1CB158D21C5F306C0099C2AB /* CookingUITests */ = {
			isa = PBXGroup;
			children = (
				1CB158D31C5F306C0099C2AB /* CookingUITests.m */,
				1CB158D51C5F306C0099C2AB /* Info.plist */,
			);
			path = CookingUITests;
			sourceTree = "<group>";
		};
		1CB158F51C5F60DD0099C2AB /* Market */ = {
			isa = PBXGroup;
			children = (
				1CB158F61C5F60DD0099C2AB /* Controller */,
				1CB158F71C5F60DD0099C2AB /* Model */,
				1CB158F81C5F60DD0099C2AB /* View */,
			);
			path = Market;
			sourceTree = "<group>";
		};
		1CB158F61C5F60DD0099C2AB /* Controller */ = {
			isa = PBXGroup;
			children = (
				1CB159151C5F6EDE0099C2AB /* MarketViewController.h */,
				1CB159161C5F6EDE0099C2AB /* MarketViewController.m */,
			);
			path = Controller;
			sourceTree = "<group>";
		};
		1CB158F71C5F60DD0099C2AB /* Model */ = {
			isa = PBXGroup;
			children = (
			);
			path = Model;
			sourceTree = "<group>";
		};
		1CB158F81C5F60DD0099C2AB /* View */ = {
			isa = PBXGroup;
			children = (
			);
			path = View;
			sourceTree = "<group>";
		};
		1CB158F91C5F60DD0099C2AB /* MCommunity */ = {
			isa = PBXGroup;
			children = (
				1CB158FA1C5F60DD0099C2AB /* Controller */,
				1CB158FB1C5F60DD0099C2AB /* Model */,
				1295D74D1C7185AB00B39FC6 /* View */,
			);
			path = MCommunity;
			sourceTree = "<group>";
		};
		1CB158FA1C5F60DD0099C2AB /* Controller */ = {
			isa = PBXGroup;
			children = (
				1CB159181C5F6F110099C2AB /* MComunityController.h */,
				1CB159191C5F6F110099C2AB /* MComunityController.m */,
			);
			path = Controller;
			sourceTree = "<group>";
		};
		1CB158FB1C5F60DD0099C2AB /* Model */ = {
			isa = PBXGroup;
			children = (
				1295D7531C7185D300B39FC6 /* MComunitySocialModel.h */,
				1295D7541C7185D300B39FC6 /* MComunitySocialModel.m */,
			);
			path = Model;
			sourceTree = "<group>";
		};
		1CB158FD1C5F60DD0099C2AB /* MCooking */ = {
			isa = PBXGroup;
			children = (
				1CB1590B1C5F61C00099C2AB /* Controller */,
				1CB159011C5F60DD0099C2AB /* Model */,
				1CB1592F1C6DE7B40099C2AB /* View */,
			);
			path = MCooking;
			sourceTree = "<group>";
		};
		1CB159011C5F60DD0099C2AB /* Model */ = {
			isa = PBXGroup;
			children = (
				1CB159291C6CBF180099C2AB /* MCookModel.h */,
				1CB1592A1C6CBF180099C2AB /* MCookModel.m */,
			);
			path = Model;
			sourceTree = "<group>";
		};
		1CB159031C5F60DD0099C2AB /* Mine */ = {
			isa = PBXGroup;
			children = (
				1CB159041C5F60DD0099C2AB /* Controller */,
				1295D7291C716F1700B39FC6 /* Model */,
				1295D7231C716EEF00B39FC6 /* View */,
			);
			path = Mine;
			sourceTree = "<group>";
		};
		1CB159041C5F60DD0099C2AB /* Controller */ = {
			isa = PBXGroup;
			children = (
				1CB1591B1C5F6F370099C2AB /* MineViewController.h */,
				1CB1591C1C5F6F370099C2AB /* MineViewController.m */,
			);
			path = Controller;
			sourceTree = "<group>";
		};
		1CB1590B1C5F61C00099C2AB /* Controller */ = {
			isa = PBXGroup;
			children = (
				1CB159121C5F6EC20099C2AB /* McookingController.h */,
				1CB159131C5F6EC20099C2AB /* McookingController.m */,
				1CB159441C7324490099C2AB /* RecieveRedBagController.h */,
				1CB159451C7324490099C2AB /* RecieveRedBagController.m */,
				1CA3528D1C7344AC0080A371 /* EventsCollectionViewController.h */,
				1CA3528E1C7344AC0080A371 /* EventsCollectionViewController.m */,
				1CA352A51C7726530080A371 /* pop */,
			);
			path = Controller;
			sourceTree = "<group>";
		};
		1CB1590F1C5F61F60099C2AB /* Other */ = {
			isa = PBXGroup;
			children = (
				1CB158B71C5F306C0099C2AB /* Main.storyboard */,
				1295D7071C633AF900B39FC6 /* PrefixHeader.pch */,
				1295D75B1C71CBA400B39FC6 /* LLCommonMethods.h */,
				1295D75C1C71CBA400B39FC6 /* LLCommonMethods.m */,
			);
			name = Other;
			sourceTree = "<group>";
		};
		1CB1592F1C6DE7B40099C2AB /* View */ = {
			isa = PBXGroup;
			children = (
				1CA352911C757BD60080A371 /* Head */,
				1CA352901C757BB60080A371 /* issuesCell */,
			);
			path = View;
			sourceTree = "<group>";
		};
		5D0D4D9D9F2CC3B2762D2C0E /* Pods */ = {
			isa = PBXGroup;
			children = (
				2A8A24E5DA8B00C1BAFD03F4 /* Pods.debug.xcconfig */,
				CA70C862288D20945D300F8F /* Pods.release.xcconfig */,
			);
			name = Pods;
			sourceTree = "<group>";
		};
		B9413FBB5EDFC836054EDA44 /* Frameworks */ = {
			isa = PBXGroup;
			children = (
				25632F0F19097166CC4442E6 /* libPods.a */,
			);
			name = Frameworks;
			sourceTree = "<group>";
		};
/* End PBXGroup section */

/* Begin PBXNativeTarget section */
		1CB158AA1C5F306C0099C2AB /* Cooking */ = {
			isa = PBXNativeTarget;
			buildConfigurationList = 1CB158D81C5F306C0099C2AB /* Build configuration list for PBXNativeTarget "Cooking" */;
			buildPhases = (
				71E8E162DC3675233FC5017E /* Check Pods Manifest.lock */,
				1CB158A71C5F306C0099C2AB /* Sources */,
				1CB158A81C5F306C0099C2AB /* Frameworks */,
				1CB158A91C5F306C0099C2AB /* Resources */,
				8CD7E275B65D90FCB5F5F9D1 /* Embed Pods Frameworks */,
				35CCC845139B20353A36A73C /* Copy Pods Resources */,
			);
			buildRules = (
			);
			dependencies = (
			);
			name = Cooking;
			productName = Cooking;
			productReference = 1CB158AB1C5F306C0099C2AB /* Cooking.app */;
			productType = "com.apple.product-type.application";
		};
		1CB158C31C5F306C0099C2AB /* CookingTests */ = {
			isa = PBXNativeTarget;
			buildConfigurationList = 1CB158DB1C5F306C0099C2AB /* Build configuration list for PBXNativeTarget "CookingTests" */;
			buildPhases = (
				1CB158C01C5F306C0099C2AB /* Sources */,
				1CB158C11C5F306C0099C2AB /* Frameworks */,
				1CB158C21C5F306C0099C2AB /* Resources */,
			);
			buildRules = (
			);
			dependencies = (
				1CB158C61C5F306C0099C2AB /* PBXTargetDependency */,
			);
			name = CookingTests;
			productName = CookingTests;
			productReference = 1CB158C41C5F306C0099C2AB /* CookingTests.xctest */;
			productType = "com.apple.product-type.bundle.unit-test";
		};
		1CB158CE1C5F306C0099C2AB /* CookingUITests */ = {
			isa = PBXNativeTarget;
			buildConfigurationList = 1CB158DE1C5F306C0099C2AB /* Build configuration list for PBXNativeTarget "CookingUITests" */;
			buildPhases = (
				1CB158CB1C5F306C0099C2AB /* Sources */,
				1CB158CC1C5F306C0099C2AB /* Frameworks */,
				1CB158CD1C5F306C0099C2AB /* Resources */,
			);
			buildRules = (
			);
			dependencies = (
				1CB158D11C5F306C0099C2AB /* PBXTargetDependency */,
			);
			name = CookingUITests;
			productName = CookingUITests;
			productReference = 1CB158CF1C5F306C0099C2AB /* CookingUITests.xctest */;
			productType = "com.apple.product-type.bundle.ui-testing";
		};
/* End PBXNativeTarget section */

/* Begin PBXProject section */
		1CB158A31C5F306C0099C2AB /* Project object */ = {
			isa = PBXProject;
			attributes = {
				LastUpgradeCheck = 0720;
				ORGANIZATIONNAME = DoOpen;
				TargetAttributes = {
					1CB158AA1C5F306C0099C2AB = {
						CreatedOnToolsVersion = 7.2;
						DevelopmentTeam = 9J4Y7YNRRQ;
					};
					1CB158C31C5F306C0099C2AB = {
						CreatedOnToolsVersion = 7.2;
						DevelopmentTeam = 9J4Y7YNRRQ;
						TestTargetID = 1CB158AA1C5F306C0099C2AB;
					};
					1CB158CE1C5F306C0099C2AB = {
						CreatedOnToolsVersion = 7.2;
						DevelopmentTeam = 9J4Y7YNRRQ;
						TestTargetID = 1CB158AA1C5F306C0099C2AB;
					};
				};
			};
			buildConfigurationList = 1CB158A61C5F306C0099C2AB /* Build configuration list for PBXProject "Cooking" */;
			compatibilityVersion = "Xcode 3.2";
			developmentRegion = English;
			hasScannedForEncodings = 0;
			knownRegions = (
				en,
				Base,
			);
			mainGroup = 1CB158A21C5F306C0099C2AB;
			productRefGroup = 1CB158AC1C5F306C0099C2AB /* Products */;
			projectDirPath = "";
			projectRoot = "";
			targets = (
				1CB158AA1C5F306C0099C2AB /* Cooking */,
				1CB158C31C5F306C0099C2AB /* CookingTests */,
				1CB158CE1C5F306C0099C2AB /* CookingUITests */,
			);
		};
/* End PBXProject section */

/* Begin PBXResourcesBuildPhase section */
		1CB158A91C5F306C0099C2AB /* Resources */ = {
			isa = PBXResourcesBuildPhase;
			buildActionMask = 2147483647;
			files = (
				1CB158BE1C5F306C0099C2AB /* LaunchScreen.storyboard in Resources */,
				1CB159431C72C0270099C2AB /* EventsCollectionViewCell.xib in Resources */,
				1CB158BB1C5F306C0099C2AB /* Assets.xcassets in Resources */,
				1CB159111C5F679B0099C2AB /* detaillocation.plist in Resources */,
				1295D7521C7185AB00B39FC6 /* MComunitySocialCell.xib in Resources */,
				1CB158B91C5F306C0099C2AB /* Main.storyboard in Resources */,
			);
			runOnlyForDeploymentPostprocessing = 0;
		};
		1CB158C21C5F306C0099C2AB /* Resources */ = {
			isa = PBXResourcesBuildPhase;
			buildActionMask = 2147483647;
			files = (
			);
			runOnlyForDeploymentPostprocessing = 0;
		};
		1CB158CD1C5F306C0099C2AB /* Resources */ = {
			isa = PBXResourcesBuildPhase;
			buildActionMask = 2147483647;
			files = (
			);
			runOnlyForDeploymentPostprocessing = 0;
		};
/* End PBXResourcesBuildPhase section */

/* Begin PBXShellScriptBuildPhase section */
		35CCC845139B20353A36A73C /* Copy Pods Resources */ = {
			isa = PBXShellScriptBuildPhase;
			buildActionMask = 2147483647;
			files = (
			);
			inputPaths = (
			);
			name = "Copy Pods Resources";
			outputPaths = (
			);
			runOnlyForDeploymentPostprocessing = 0;
			shellPath = /bin/sh;
			shellScript = "\"${SRCROOT}/Pods/Target Support Files/Pods/Pods-resources.sh\"\n";
			showEnvVarsInLog = 0;
		};
		71E8E162DC3675233FC5017E /* Check Pods Manifest.lock */ = {
			isa = PBXShellScriptBuildPhase;
			buildActionMask = 2147483647;
			files = (
			);
			inputPaths = (
			);
			name = "Check Pods Manifest.lock";
			outputPaths = (
			);
			runOnlyForDeploymentPostprocessing = 0;
			shellPath = /bin/sh;
			shellScript = "diff \"${PODS_ROOT}/../Podfile.lock\" \"${PODS_ROOT}/Manifest.lock\" > /dev/null\nif [[ $? != 0 ]] ; then\n    cat << EOM\nerror: The sandbox is not in sync with the Podfile.lock. Run 'pod install' or update your CocoaPods installation.\nEOM\n    exit 1\nfi\n";
			showEnvVarsInLog = 0;
		};
		8CD7E275B65D90FCB5F5F9D1 /* Embed Pods Frameworks */ = {
			isa = PBXShellScriptBuildPhase;
			buildActionMask = 2147483647;
			files = (
			);
			inputPaths = (
			);
			name = "Embed Pods Frameworks";
			outputPaths = (
			);
			runOnlyForDeploymentPostprocessing = 0;
			shellPath = /bin/sh;
			shellScript = "\"${SRCROOT}/Pods/Target Support Files/Pods/Pods-frameworks.sh\"\n";
			showEnvVarsInLog = 0;
		};
/* End PBXShellScriptBuildPhase section */

/* Begin PBXSourcesBuildPhase section */
		1CB158A71C5F306C0099C2AB /* Sources */ = {
			isa = PBXSourcesBuildPhase;
			buildActionMask = 2147483647;
			files = (
				1CB1593E1C71C8E60099C2AB /* NavCollectionViewCell.m in Sources */,
				1CB159421C72C0270099C2AB /* EventsCollectionViewCell.m in Sources */,
				1CB1591D1C5F6F370099C2AB /* MineViewController.m in Sources */,
				1CB1592B1C6CBF180099C2AB /* MCookModel.m in Sources */,
				1295D75D1C71CBA500B39FC6 /* LLCommonMethods.m in Sources */,
				1295D70F1C633BCA00B39FC6 /* BaseViewController.m in Sources */,
				1CA3529A1C757C860080A371 /* issueTemplate4Cell.m in Sources */,
				1CA352971C757C720080A371 /* issueTemplate2Cell.m in Sources */,
				1CA352941C757C5F0080A371 /* issueTemplate1Cell.m in Sources */,
				1295D70B1C633B9800B39FC6 /* AppDelegate.m in Sources */,
				1CB159461C7324490099C2AB /* RecieveRedBagController.m in Sources */,
				1CA3529D1C757C980080A371 /* issueTemplate5Cell.m in Sources */,
				1CB159171C5F6EDE0099C2AB /* MarketViewController.m in Sources */,
				1295D7031C6327B200B39FC6 /* CKHTTPManager.m in Sources */,
				1CB159141C5F6EC20099C2AB /* McookingController.m in Sources */,
				1CA352A41C7726480080A371 /* PopViewController.m in Sources */,
				1295D7061C6327FA00B39FC6 /* CKHTTPRequest.m in Sources */,
				1CB159321C6DE7D60099C2AB /* MCookHeadView.m in Sources */,
				1CB158B01C5F306C0099C2AB /* main.m in Sources */,
				1295D7511C7185AB00B39FC6 /* MComunitySocialCell.m in Sources */,
				1CB1591A1C5F6F110099C2AB /* MComunityController.m in Sources */,
				1CA3528F1C7344AC0080A371 /* EventsCollectionViewController.m in Sources */,
				1295D7551C7185D300B39FC6 /* MComunitySocialModel.m in Sources */,
			);
			runOnlyForDeploymentPostprocessing = 0;
		};
		1CB158C01C5F306C0099C2AB /* Sources */ = {
			isa = PBXSourcesBuildPhase;
			buildActionMask = 2147483647;
			files = (
				1CB158C91C5F306C0099C2AB /* CookingTests.m in Sources */,
			);
			runOnlyForDeploymentPostprocessing = 0;
		};
		1CB158CB1C5F306C0099C2AB /* Sources */ = {
			isa = PBXSourcesBuildPhase;
			buildActionMask = 2147483647;
			files = (
				1CB158D41C5F306C0099C2AB /* CookingUITests.m in Sources */,
			);
			runOnlyForDeploymentPostprocessing = 0;
		};
/* End PBXSourcesBuildPhase section */

/* Begin PBXTargetDependency section */
		1CB158C61C5F306C0099C2AB /* PBXTargetDependency */ = {
			isa = PBXTargetDependency;
			target = 1CB158AA1C5F306C0099C2AB /* Cooking */;
			targetProxy = 1CB158C51C5F306C0099C2AB /* PBXContainerItemProxy */;
		};
		1CB158D11C5F306C0099C2AB /* PBXTargetDependency */ = {
			isa = PBXTargetDependency;
			target = 1CB158AA1C5F306C0099C2AB /* Cooking */;
			targetProxy = 1CB158D01C5F306C0099C2AB /* PBXContainerItemProxy */;
		};
/* End PBXTargetDependency section */

/* Begin PBXVariantGroup section */
		1CB158B71C5F306C0099C2AB /* Main.storyboard */ = {
			isa = PBXVariantGroup;
			children = (
				1CB158B81C5F306C0099C2AB /* Base */,
			);
			name = Main.storyboard;
			sourceTree = "<group>";
		};
		1CB158BC1C5F306C0099C2AB /* LaunchScreen.storyboard */ = {
			isa = PBXVariantGroup;
			children = (
				1CB158BD1C5F306C0099C2AB /* Base */,
			);
			name = LaunchScreen.storyboard;
			sourceTree = "<group>";
		};
/* End PBXVariantGroup section */

/* Begin XCBuildConfiguration section */
		1CB158D61C5F306C0099C2AB /* Debug */ = {
			isa = XCBuildConfiguration;
			buildSettings = {
				ALWAYS_SEARCH_USER_PATHS = NO;
				CLANG_CXX_LANGUAGE_STANDARD = "gnu++0x";
				CLANG_CXX_LIBRARY = "libc++";
				CLANG_ENABLE_MODULES = YES;
				CLANG_ENABLE_OBJC_ARC = YES;
				CLANG_WARN_BOOL_CONVERSION = YES;
				CLANG_WARN_CONSTANT_CONVERSION = YES;
				CLANG_WARN_DIRECT_OBJC_ISA_USAGE = YES_ERROR;
				CLANG_WARN_EMPTY_BODY = YES;
				CLANG_WARN_ENUM_CONVERSION = YES;
				CLANG_WARN_INT_CONVERSION = YES;
				CLANG_WARN_OBJC_ROOT_CLASS = YES_ERROR;
				CLANG_WARN_UNREACHABLE_CODE = YES;
				CLANG_WARN__DUPLICATE_METHOD_MATCH = YES;
				"CODE_SIGN_IDENTITY[sdk=iphoneos*]" = "iPhone Developer";
				COPY_PHASE_STRIP = NO;
				DEBUG_INFORMATION_FORMAT = dwarf;
				ENABLE_STRICT_OBJC_MSGSEND = YES;
				ENABLE_TESTABILITY = YES;
				GCC_C_LANGUAGE_STANDARD = gnu99;
				GCC_DYNAMIC_NO_PIC = NO;
				GCC_NO_COMMON_BLOCKS = YES;
				GCC_OPTIMIZATION_LEVEL = 0;
				GCC_PREPROCESSOR_DEFINITIONS = (
					"DEBUG=1",
					"$(inherited)",
				);
				GCC_WARN_64_TO_32_BIT_CONVERSION = YES;
				GCC_WARN_ABOUT_RETURN_TYPE = YES_ERROR;
				GCC_WARN_UNDECLARED_SELECTOR = YES;
				GCC_WARN_UNINITIALIZED_AUTOS = YES_AGGRESSIVE;
				GCC_WARN_UNUSED_FUNCTION = YES;
				GCC_WARN_UNUSED_VARIABLE = YES;
				IPHONEOS_DEPLOYMENT_TARGET = 9.2;
				MTL_ENABLE_DEBUG_INFO = YES;
				ONLY_ACTIVE_ARCH = YES;
				SDKROOT = iphoneos;
			};
			name = Debug;
		};
		1CB158D71C5F306C0099C2AB /* Release */ = {
			isa = XCBuildConfiguration;
			buildSettings = {
				ALWAYS_SEARCH_USER_PATHS = NO;
				CLANG_CXX_LANGUAGE_STANDARD = "gnu++0x";
				CLANG_CXX_LIBRARY = "libc++";
				CLANG_ENABLE_MODULES = YES;
				CLANG_ENABLE_OBJC_ARC = YES;
				CLANG_WARN_BOOL_CONVERSION = YES;
				CLANG_WARN_CONSTANT_CONVERSION = YES;
				CLANG_WARN_DIRECT_OBJC_ISA_USAGE = YES_ERROR;
				CLANG_WARN_EMPTY_BODY = YES;
				CLANG_WARN_ENUM_CONVERSION = YES;
				CLANG_WARN_INT_CONVERSION = YES;
				CLANG_WARN_OBJC_ROOT_CLASS = YES_ERROR;
				CLANG_WARN_UNREACHABLE_CODE = YES;
				CLANG_WARN__DUPLICATE_METHOD_MATCH = YES;
				"CODE_SIGN_IDENTITY[sdk=iphoneos*]" = "iPhone Developer";
				COPY_PHASE_STRIP = NO;
				DEBUG_INFORMATION_FORMAT = "dwarf-with-dsym";
				ENABLE_NS_ASSERTIONS = NO;
				ENABLE_STRICT_OBJC_MSGSEND = YES;
				GCC_C_LANGUAGE_STANDARD = gnu99;
				GCC_NO_COMMON_BLOCKS = YES;
				GCC_WARN_64_TO_32_BIT_CONVERSION = YES;
				GCC_WARN_ABOUT_RETURN_TYPE = YES_ERROR;
				GCC_WARN_UNDECLARED_SELECTOR = YES;
				GCC_WARN_UNINITIALIZED_AUTOS = YES_AGGRESSIVE;
				GCC_WARN_UNUSED_FUNCTION = YES;
				GCC_WARN_UNUSED_VARIABLE = YES;
				IPHONEOS_DEPLOYMENT_TARGET = 9.2;
				MTL_ENABLE_DEBUG_INFO = NO;
				SDKROOT = iphoneos;
				VALIDATE_PRODUCT = YES;
			};
			name = Release;
		};
		1CB158D91C5F306C0099C2AB /* Debug */ = {
			isa = XCBuildConfiguration;
			baseConfigurationReference = 2A8A24E5DA8B00C1BAFD03F4 /* Pods.debug.xcconfig */;
			buildSettings = {
				ASSETCATALOG_COMPILER_APPICON_NAME = AppIcon;
				ASSETCATALOG_COMPILER_LAUNCHIMAGE_NAME = "Brand Assets";
				CODE_SIGN_IDENTITY = "iPhone Developer";
				GCC_PREFIX_HEADER = "$(SRCROOT)/Cooking/PrefixHeader.pch";
				INFOPLIST_FILE = Cooking/Info.plist;
				IPHONEOS_DEPLOYMENT_TARGET = 7.0;
				LD_RUNPATH_SEARCH_PATHS = "$(inherited) @executable_path/Frameworks";
				PRODUCT_BUNDLE_IDENTIFIER = cn.DoOpen.Cookin;
				PRODUCT_NAME = "$(TARGET_NAME)";
			};
			name = Debug;
		};
		1CB158DA1C5F306C0099C2AB /* Release */ = {
			isa = XCBuildConfiguration;
			baseConfigurationReference = CA70C862288D20945D300F8F /* Pods.release.xcconfig */;
			buildSettings = {
				ASSETCATALOG_COMPILER_APPICON_NAME = AppIcon;
				ASSETCATALOG_COMPILER_LAUNCHIMAGE_NAME = "Brand Assets";
				CODE_SIGN_IDENTITY = "iPhone Developer";
				GCC_PREFIX_HEADER = "$(SRCROOT)/Cooking/PrefixHeader.pch";
				INFOPLIST_FILE = Cooking/Info.plist;
				IPHONEOS_DEPLOYMENT_TARGET = 7.0;
				LD_RUNPATH_SEARCH_PATHS = "$(inherited) @executable_path/Frameworks";
				PRODUCT_BUNDLE_IDENTIFIER = cn.DoOpen.Cookin;
				PRODUCT_NAME = "$(TARGET_NAME)";
			};
			name = Release;
		};
		1CB158DC1C5F306C0099C2AB /* Debug */ = {
			isa = XCBuildConfiguration;
			buildSettings = {
				BUNDLE_LOADER = "$(TEST_HOST)";
				INFOPLIST_FILE = CookingTests/Info.plist;
				LD_RUNPATH_SEARCH_PATHS = "$(inherited) @executable_path/Frameworks @loader_path/Frameworks";
				PRODUCT_BUNDLE_IDENTIFIER = cn.DoOpen.CookingTests;
				PRODUCT_NAME = "$(TARGET_NAME)";
				TEST_HOST = "$(BUILT_PRODUCTS_DIR)/Cooking.app/Cooking";
			};
			name = Debug;
		};
		1CB158DD1C5F306C0099C2AB /* Release */ = {
			isa = XCBuildConfiguration;
			buildSettings = {
				BUNDLE_LOADER = "$(TEST_HOST)";
				INFOPLIST_FILE = CookingTests/Info.plist;
				LD_RUNPATH_SEARCH_PATHS = "$(inherited) @executable_path/Frameworks @loader_path/Frameworks";
				PRODUCT_BUNDLE_IDENTIFIER = cn.DoOpen.CookingTests;
				PRODUCT_NAME = "$(TARGET_NAME)";
				TEST_HOST = "$(BUILT_PRODUCTS_DIR)/Cooking.app/Cooking";
			};
			name = Release;
		};
		1CB158DF1C5F306C0099C2AB /* Debug */ = {
			isa = XCBuildConfiguration;
			buildSettings = {
				INFOPLIST_FILE = CookingUITests/Info.plist;
				LD_RUNPATH_SEARCH_PATHS = "$(inherited) @executable_path/Frameworks @loader_path/Frameworks";
				PRODUCT_BUNDLE_IDENTIFIER = cn.DoOpen.CookingUITests;
				PRODUCT_NAME = "$(TARGET_NAME)";
				TEST_TARGET_NAME = Cooking;
				USES_XCTRUNNER = YES;
			};
			name = Debug;
		};
		1CB158E01C5F306C0099C2AB /* Release */ = {
			isa = XCBuildConfiguration;
			buildSettings = {
				INFOPLIST_FILE = CookingUITests/Info.plist;
				LD_RUNPATH_SEARCH_PATHS = "$(inherited) @executable_path/Frameworks @loader_path/Frameworks";
				PRODUCT_BUNDLE_IDENTIFIER = cn.DoOpen.CookingUITests;
				PRODUCT_NAME = "$(TARGET_NAME)";
				TEST_TARGET_NAME = Cooking;
				USES_XCTRUNNER = YES;
			};
			name = Release;
		};
/* End XCBuildConfiguration section */

/* Begin XCConfigurationList section */
		1CB158A61C5F306C0099C2AB /* Build configuration list for PBXProject "Cooking" */ = {
			isa = XCConfigurationList;
			buildConfigurations = (
				1CB158D61C5F306C0099C2AB /* Debug */,
				1CB158D71C5F306C0099C2AB /* Release */,
			);
			defaultConfigurationIsVisible = 0;
			defaultConfigurationName = Release;
		};
		1CB158D81C5F306C0099C2AB /* Build configuration list for PBXNativeTarget "Cooking" */ = {
			isa = XCConfigurationList;
			buildConfigurations = (
				1CB158D91C5F306C0099C2AB /* Debug */,
				1CB158DA1C5F306C0099C2AB /* Release */,
			);
			defaultConfigurationIsVisible = 0;
			defaultConfigurationName = Release;
		};
		1CB158DB1C5F306C0099C2AB /* Build configuration list for PBXNativeTarget "CookingTests" */ = {
			isa = XCConfigurationList;
			buildConfigurations = (
				1CB158DC1C5F306C0099C2AB /* Debug */,
				1CB158DD1C5F306C0099C2AB /* Release */,
			);
			defaultConfigurationIsVisible = 0;
			defaultConfigurationName = Release;
		};
		1CB158DE1C5F306C0099C2AB /* Build configuration list for PBXNativeTarget "CookingUITests" */ = {
			isa = XCConfigurationList;
			buildConfigurations = (
				1CB158DF1C5F306C0099C2AB /* Debug */,
				1CB158E01C5F306C0099C2AB /* Release */,
			);
			defaultConfigurationIsVisible = 0;
			defaultConfigurationName = Release;
		};
/* End XCConfigurationList section */
	};
	rootObject = 1CB158A31C5F306C0099C2AB /* Project object */;
}
